// !$*UTF8*$!
{
	archiveVersion = 1;
	classes = {
	};
	objectVersion = 77;
	objects = {

/* Begin PBXBuildFile section */
		4FE0FA0CF6CBB2F3855344DD /* Pods_widget_demoTests.framework in Frameworks */ = {isa = PBXBuildFile; fileRef = E7D630E27C46EECD11AA5E87 /* Pods_widget_demoTests.framework */; };
		5D9F3FE73D0127B005EF510D /* Pods_testWidgetExtension.framework in Frameworks */ = {isa = PBXBuildFile; fileRef = 26D34DA8B63A89D1DFBAFC1A /* Pods_testWidgetExtension.framework */; };
		A1F31649C15619AC7241B82D /* Pods_widget_demo_widget_demoUITests.framework in Frameworks */ = {isa = PBXBuildFile; fileRef = E9862EAEA29CD9C0725CA2CF /* Pods_widget_demo_widget_demoUITests.framework */; };
		E543F5132E55A83900827383 /* WidgetKit.framework in Frameworks */ = {isa = PBXBuildFile; fileRef = E543F5122E55A83900827383 /* WidgetKit.framework */; };
		E543F5152E55A83900827383 /* SwiftUI.framework in Frameworks */ = {isa = PBXBuildFile; fileRef = E543F5142E55A83900827383 /* SwiftUI.framework */; };
		E543F5262E55A83A00827383 /* testWidgetExtension.appex in Embed Foundation Extensions */ = {isa = PBXBuildFile; fileRef = E543F5102E55A83900827383 /* testWidgetExtension.appex */; settings = {ATTRIBUTES = (RemoveHeadersOnCopy, ); }; };
		F5EDCB3EE92FC1842369B805 /* Pods_widget_demo.framework in Frameworks */ = {isa = PBXBuildFile; fileRef = DE7BA2D99BF6D6F02B7F1A9D /* Pods_widget_demo.framework */; };
/* End PBXBuildFile section */

/* Begin PBXContainerItemProxy section */
		E543F4EF2E55A2E300827383 /* PBXContainerItemProxy */ = {
			isa = PBXContainerItemProxy;
			containerPortal = E543F4D02E55A2E200827383 /* Project object */;
			proxyType = 1;
			remoteGlobalIDString = E543F4D72E55A2E200827383;
			remoteInfo = widget_demo;
		};
		E543F4F92E55A2E300827383 /* PBXContainerItemProxy */ = {
			isa = PBXContainerItemProxy;
			containerPortal = E543F4D02E55A2E200827383 /* Project object */;
			proxyType = 1;
			remoteGlobalIDString = E543F4D72E55A2E200827383;
			remoteInfo = widget_demo;
		};
		E543F5242E55A83A00827383 /* PBXContainerItemProxy */ = {
			isa = PBXContainerItemProxy;
			containerPortal = E543F4D02E55A2E200827383 /* Project object */;
			proxyType = 1;
			remoteGlobalIDString = E543F50F2E55A83900827383;
			remoteInfo = testWidgetExtension;
		};
/* End PBXContainerItemProxy section */

/* Begin PBXCopyFilesBuildPhase section */
		E543F52B2E55A83A00827383 /* Embed Foundation Extensions */ = {
			isa = PBXCopyFilesBuildPhase;
			buildActionMask = 2147483647;
			dstPath = "";
			dstSubfolderSpec = 13;
			files = (
				E543F5262E55A83A00827383 /* testWidgetExtension.appex in Embed Foundation Extensions */,
			);
			name = "Embed Foundation Extensions";
			runOnlyForDeploymentPostprocessing = 0;
		};
/* End PBXCopyFilesBuildPhase section */

/* Begin PBXFileReference section */
		0116651020C1D316C49C9B0E /* Pods-widget_demo.release.xcconfig */ = {isa = PBXFileReference; includeInIndex = 1; lastKnownFileType = text.xcconfig; name = "Pods-widget_demo.release.xcconfig"; path = "Target Support Files/Pods-widget_demo/Pods-widget_demo.release.xcconfig"; sourceTree = "<group>"; };
		26D34DA8B63A89D1DFBAFC1A /* Pods_testWidgetExtension.framework */ = {isa = PBXFileReference; explicitFileType = wrapper.framework; includeInIndex = 0; path = Pods_testWidgetExtension.framework; sourceTree = BUILT_PRODUCTS_DIR; };
		89ADD3AFFAE65C1C91BEB3F3 /* Pods-testWidgetExtension.debug.xcconfig */ = {isa = PBXFileReference; includeInIndex = 1; lastKnownFileType = text.xcconfig; name = "Pods-testWidgetExtension.debug.xcconfig"; path = "Target Support Files/Pods-testWidgetExtension/Pods-testWidgetExtension.debug.xcconfig"; sourceTree = "<group>"; };
		8D7290DAFB3F0B26982EC798 /* Pods-testWidgetExtension.release.xcconfig */ = {isa = PBXFileReference; includeInIndex = 1; lastKnownFileType = text.xcconfig; name = "Pods-testWidgetExtension.release.xcconfig"; path = "Target Support Files/Pods-testWidgetExtension/Pods-testWidgetExtension.release.xcconfig"; sourceTree = "<group>"; };
		A8F91B1A3756C59782C8B9A3 /* Pods-widget_demoTests.release.xcconfig */ = {isa = PBXFileReference; includeInIndex = 1; lastKnownFileType = text.xcconfig; name = "Pods-widget_demoTests.release.xcconfig"; path = "Target Support Files/Pods-widget_demoTests/Pods-widget_demoTests.release.xcconfig"; sourceTree = "<group>"; };
		B5637DD657430BC63341E17D /* Pods-widget_demoTests.debug.xcconfig */ = {isa = PBXFileReference; includeInIndex = 1; lastKnownFileType = text.xcconfig; name = "Pods-widget_demoTests.debug.xcconfig"; path = "Target Support Files/Pods-widget_demoTests/Pods-widget_demoTests.debug.xcconfig"; sourceTree = "<group>"; };
		DB8AB8D573747571737D98E3 /* Pods-widget_demo-widget_demoUITests.debug.xcconfig */ = {isa = PBXFileReference; includeInIndex = 1; lastKnownFileType = text.xcconfig; name = "Pods-widget_demo-widget_demoUITests.debug.xcconfig"; path = "Target Support Files/Pods-widget_demo-widget_demoUITests/Pods-widget_demo-widget_demoUITests.debug.xcconfig"; sourceTree = "<group>"; };
		DC3B3176238FBF88AF900EA6 /* Pods-widget_demo.debug.xcconfig */ = {isa = PBXFileReference; includeInIndex = 1; lastKnownFileType = text.xcconfig; name = "Pods-widget_demo.debug.xcconfig"; path = "Target Support Files/Pods-widget_demo/Pods-widget_demo.debug.xcconfig"; sourceTree = "<group>"; };
		DE7BA2D99BF6D6F02B7F1A9D /* Pods_widget_demo.framework */ = {isa = PBXFileReference; explicitFileType = wrapper.framework; includeInIndex = 0; path = Pods_widget_demo.framework; sourceTree = BUILT_PRODUCTS_DIR; };
		E543F4D82E55A2E200827383 /* widget_demo.app */ = {isa = PBXFileReference; explicitFileType = wrapper.application; includeInIndex = 0; path = widget_demo.app; sourceTree = BUILT_PRODUCTS_DIR; };
		E543F4EE2E55A2E300827383 /* widget_demoTests.xctest */ = {isa = PBXFileReference; explicitFileType = wrapper.cfbundle; includeInIndex = 0; path = widget_demoTests.xctest; sourceTree = BUILT_PRODUCTS_DIR; };
		E543F4F82E55A2E300827383 /* widget_demoUITests.xctest */ = {isa = PBXFileReference; explicitFileType = wrapper.cfbundle; includeInIndex = 0; path = widget_demoUITests.xctest; sourceTree = BUILT_PRODUCTS_DIR; };
		E543F5102E55A83900827383 /* testWidgetExtension.appex */ = {isa = PBXFileReference; explicitFileType = "wrapper.app-extension"; includeInIndex = 0; path = testWidgetExtension.appex; sourceTree = BUILT_PRODUCTS_DIR; };
		E543F5122E55A83900827383 /* WidgetKit.framework */ = {isa = PBXFileReference; lastKnownFileType = wrapper.framework; name = WidgetKit.framework; path = System/Library/Frameworks/WidgetKit.framework; sourceTree = SDKROOT; };
		E543F5142E55A83900827383 /* SwiftUI.framework */ = {isa = PBXFileReference; lastKnownFileType = wrapper.framework; name = SwiftUI.framework; path = System/Library/Frameworks/SwiftUI.framework; sourceTree = SDKROOT; };
		E7D630E27C46EECD11AA5E87 /* Pods_widget_demoTests.framework */ = {isa = PBXFileReference; explicitFileType = wrapper.framework; includeInIndex = 0; path = Pods_widget_demoTests.framework; sourceTree = BUILT_PRODUCTS_DIR; };
		E9862EAEA29CD9C0725CA2CF /* Pods_widget_demo_widget_demoUITests.framework */ = {isa = PBXFileReference; explicitFileType = wrapper.framework; includeInIndex = 0; path = Pods_widget_demo_widget_demoUITests.framework; sourceTree = BUILT_PRODUCTS_DIR; };
		F0AD967194878C70F6716FE3 /* Pods-widget_demo-widget_demoUITests.release.xcconfig */ = {isa = PBXFileReference; includeInIndex = 1; lastKnownFileType = text.xcconfig; name = "Pods-widget_demo-widget_demoUITests.release.xcconfig"; path = "Target Support Files/Pods-widget_demo-widget_demoUITests/Pods-widget_demo-widget_demoUITests.release.xcconfig"; sourceTree = "<group>"; };
/* End PBXFileReference section */

/* Begin PBXFileSystemSynchronizedBuildFileExceptionSet section */
		E543F5002E55A2E300827383 /* Exceptions for "widget_demo" folder in "widget_demo" target */ = {
			isa = PBXFileSystemSynchronizedBuildFileExceptionSet;
			membershipExceptions = (
				Info.plist,
			);
			target = E543F4D72E55A2E200827383 /* widget_demo */;
		};
		E543F52A2E55A83A00827383 /* Exceptions for "testWidget" folder in "testWidgetExtension" target */ = {
			isa = PBXFileSystemSynchronizedBuildFileExceptionSet;
			membershipExceptions = (
				Info.plist,
			);
			target = E543F50F2E55A83900827383 /* testWidgetExtension */;
		};
/* End PBXFileSystemSynchronizedBuildFileExceptionSet section */

/* Begin PBXFileSystemSynchronizedRootGroup section */
		E543F4DA2E55A2E200827383 /* widget_demo */ = {
			isa = PBXFileSystemSynchronizedRootGroup;
			exceptions = (
				E543F5002E55A2E300827383 /* Exceptions for "widget_demo" folder in "widget_demo" target */,
			);
			path = widget_demo;
			sourceTree = "<group>";
		};
		E543F4F12E55A2E300827383 /* widget_demoTests */ = {
			isa = PBXFileSystemSynchronizedRootGroup;
			exceptions = (
			);
			path = widget_demoTests;
			sourceTree = "<group>";
		};
		E543F4FB2E55A2E300827383 /* widget_demoUITests */ = {
			isa = PBXFileSystemSynchronizedRootGroup;
			exceptions = (
			);
			path = widget_demoUITests;
			sourceTree = "<group>";
		};
		E543F5162E55A83900827383 /* testWidget */ = {
			isa = PBXFileSystemSynchronizedRootGroup;
			exceptions = (
				E543F52A2E55A83A00827383 /* Exceptions for "testWidget" folder in "testWidgetExtension" target */,
			);
			path = testWidget;
			sourceTree = "<group>";
		};
/* End PBXFileSystemSynchronizedRootGroup section */

/* Begin PBXFrameworksBuildPhase section */
		E543F4D52E55A2E200827383 /* Frameworks */ = {
			isa = PBXFrameworksBuildPhase;
			buildActionMask = 2147483647;
			files = (
				F5EDCB3EE92FC1842369B805 /* Pods_widget_demo.framework in Frameworks */,
			);
			runOnlyForDeploymentPostprocessing = 0;
		};
		E543F4EB2E55A2E300827383 /* Frameworks */ = {
			isa = PBXFrameworksBuildPhase;
			buildActionMask = 2147483647;
			files = (
				4FE0FA0CF6CBB2F3855344DD /* Pods_widget_demoTests.framework in Frameworks */,
			);
			runOnlyForDeploymentPostprocessing = 0;
		};
		E543F4F52E55A2E300827383 /* Frameworks */ = {
			isa = PBXFrameworksBuildPhase;
			buildActionMask = 2147483647;
			files = (
				A1F31649C15619AC7241B82D /* Pods_widget_demo_widget_demoUITests.framework in Frameworks */,
			);
			runOnlyForDeploymentPostprocessing = 0;
		};
		E543F50D2E55A83900827383 /* Frameworks */ = {
			isa = PBXFrameworksBuildPhase;
			buildActionMask = 2147483647;
			files = (
				E543F5152E55A83900827383 /* SwiftUI.framework in Frameworks */,
				E543F5132E55A83900827383 /* WidgetKit.framework in Frameworks */,
				5D9F3FE73D0127B005EF510D /* Pods_testWidgetExtension.framework in Frameworks */,
			);
			runOnlyForDeploymentPostprocessing = 0;
		};
/* End PBXFrameworksBuildPhase section */

/* Begin PBXGroup section */
		CA92C72E927DB9926E76A46A /* Pods */ = {
			isa = PBXGroup;
			children = (
				89ADD3AFFAE65C1C91BEB3F3 /* Pods-testWidgetExtension.debug.xcconfig */,
				8D7290DAFB3F0B26982EC798 /* Pods-testWidgetExtension.release.xcconfig */,
				DC3B3176238FBF88AF900EA6 /* Pods-widget_demo.debug.xcconfig */,
				0116651020C1D316C49C9B0E /* Pods-widget_demo.release.xcconfig */,
				DB8AB8D573747571737D98E3 /* Pods-widget_demo-widget_demoUITests.debug.xcconfig */,
				F0AD967194878C70F6716FE3 /* Pods-widget_demo-widget_demoUITests.release.xcconfig */,
				B5637DD657430BC63341E17D /* Pods-widget_demoTests.debug.xcconfig */,
				A8F91B1A3756C59782C8B9A3 /* Pods-widget_demoTests.release.xcconfig */,
			);
			name = Pods;
			path = Pods;
			sourceTree = "<group>";
		};
		E543F4CF2E55A2E200827383 = {
			isa = PBXGroup;
			children = (
				E543F4DA2E55A2E200827383 /* widget_demo */,
				E543F4F12E55A2E300827383 /* widget_demoTests */,
				E543F4FB2E55A2E300827383 /* widget_demoUITests */,
				E543F5162E55A83900827383 /* testWidget */,
				E543F5112E55A83900827383 /* Frameworks */,
				E543F4D92E55A2E200827383 /* Products */,
				CA92C72E927DB9926E76A46A /* Pods */,
			);
			sourceTree = "<group>";
		};
		E543F4D92E55A2E200827383 /* Products */ = {
			isa = PBXGroup;
			children = (
				E543F4D82E55A2E200827383 /* widget_demo.app */,
				E543F4EE2E55A2E300827383 /* widget_demoTests.xctest */,
				E543F4F82E55A2E300827383 /* widget_demoUITests.xctest */,
				E543F5102E55A83900827383 /* testWidgetExtension.appex */,
			);
			name = Products;
			sourceTree = "<group>";
		};
		E543F5112E55A83900827383 /* Frameworks */ = {
			isa = PBXGroup;
			children = (
				E543F5122E55A83900827383 /* WidgetKit.framework */,
				E543F5142E55A83900827383 /* SwiftUI.framework */,
				26D34DA8B63A89D1DFBAFC1A /* Pods_testWidgetExtension.framework */,
				DE7BA2D99BF6D6F02B7F1A9D /* Pods_widget_demo.framework */,
				E9862EAEA29CD9C0725CA2CF /* Pods_widget_demo_widget_demoUITests.framework */,
				E7D630E27C46EECD11AA5E87 /* Pods_widget_demoTests.framework */,
			);
			name = Frameworks;
			sourceTree = "<group>";
		};
/* End PBXGroup section */

/* Begin PBXNativeTarget section */
		E543F4D72E55A2E200827383 /* widget_demo */ = {
			isa = PBXNativeTarget;
			buildConfigurationList = E543F5012E55A2E300827383 /* Build configuration list for PBXNativeTarget "widget_demo" */;
			buildPhases = (
				66E15FA01AA4512F7570DC2E /* [CP] Check Pods Manifest.lock */,
				E543F4D42E55A2E200827383 /* Sources */,
				E543F4D52E55A2E200827383 /* Frameworks */,
				E543F4D62E55A2E200827383 /* Resources */,
				E543F52B2E55A83A00827383 /* Embed Foundation Extensions */,
				E42DDC97DE1A5BBCA897BFF8 /* [CP] Embed Pods Frameworks */,
			);
			buildRules = (
			);
			dependencies = (
				E543F5252E55A83A00827383 /* PBXTargetDependency */,
			);
			fileSystemSynchronizedGroups = (
				E543F4DA2E55A2E200827383 /* widget_demo */,
			);
			name = widget_demo;
			productName = widget_demo;
			productReference = E543F4D82E55A2E200827383 /* widget_demo.app */;
			productType = "com.apple.product-type.application";
		};
		E543F4ED2E55A2E300827383 /* widget_demoTests */ = {
			isa = PBXNativeTarget;
			buildConfigurationList = E543F5062E55A2E300827383 /* Build configuration list for PBXNativeTarget "widget_demoTests" */;
			buildPhases = (
				83B784D69E337042D278F422 /* [CP] Check Pods Manifest.lock */,
				E543F4EA2E55A2E300827383 /* Sources */,
				E543F4EB2E55A2E300827383 /* Frameworks */,
				E543F4EC2E55A2E300827383 /* Resources */,
			);
			buildRules = (
			);
			dependencies = (
				E543F4F02E55A2E300827383 /* PBXTargetDependency */,
			);
			fileSystemSynchronizedGroups = (
				E543F4F12E55A2E300827383 /* widget_demoTests */,
			);
			name = widget_demoTests;
			productName = widget_demoTests;
			productReference = E543F4EE2E55A2E300827383 /* widget_demoTests.xctest */;
			productType = "com.apple.product-type.bundle.unit-test";
		};
		E543F4F72E55A2E300827383 /* widget_demoUITests */ = {
			isa = PBXNativeTarget;
			buildConfigurationList = E543F5092E55A2E300827383 /* Build configuration list for PBXNativeTarget "widget_demoUITests" */;
			buildPhases = (
				C0CF9D8DEF216FCB31408FE5 /* [CP] Check Pods Manifest.lock */,
				E543F4F42E55A2E300827383 /* Sources */,
				E543F4F52E55A2E300827383 /* Frameworks */,
				E543F4F62E55A2E300827383 /* Resources */,
				4AFFA5BD9961957A68EA65A6 /* [CP] Embed Pods Frameworks */,
			);
			buildRules = (
			);
			dependencies = (
				E543F4FA2E55A2E300827383 /* PBXTargetDependency */,
			);
			fileSystemSynchronizedGroups = (
				E543F4FB2E55A2E300827383 /* widget_demoUITests */,
			);
			name = widget_demoUITests;
			productName = widget_demoUITests;
			productReference = E543F4F82E55A2E300827383 /* widget_demoUITests.xctest */;
			productType = "com.apple.product-type.bundle.ui-testing";
		};
		E543F50F2E55A83900827383 /* testWidgetExtension */ = {
			isa = PBXNativeTarget;
			buildConfigurationList = E543F5272E55A83A00827383 /* Build configuration list for PBXNativeTarget "testWidgetExtension" */;
			buildPhases = (
				FD5709475849BF55ACAA358B /* [CP] Check Pods Manifest.lock */,
				E543F50C2E55A83900827383 /* Sources */,
				E543F50D2E55A83900827383 /* Frameworks */,
				E543F50E2E55A83900827383 /* Resources */,
			);
			buildRules = (
			);
			dependencies = (
			);
			fileSystemSynchronizedGroups = (
				E543F5162E55A83900827383 /* testWidget */,
			);
			name = testWidgetExtension;
			productName = testWidgetExtension;
			productReference = E543F5102E55A83900827383 /* testWidgetExtension.appex */;
			productType = "com.apple.product-type.app-extension";
		};
/* End PBXNativeTarget section */

/* Begin PBXProject section */
		E543F4D02E55A2E200827383 /* Project object */ = {
			isa = PBXProject;
			attributes = {
				BuildIndependentTargetsInParallel = 1;
				LastSwiftUpdateCheck = 1620;
				LastUpgradeCheck = 1620;
				TargetAttributes = {
					E543F4D72E55A2E200827383 = {
						CreatedOnToolsVersion = 16.2;
					};
					E543F4ED2E55A2E300827383 = {
						CreatedOnToolsVersion = 16.2;
						TestTargetID = E543F4D72E55A2E200827383;
					};
					E543F4F72E55A2E300827383 = {
						CreatedOnToolsVersion = 16.2;
						TestTargetID = E543F4D72E55A2E200827383;
					};
					E543F50F2E55A83900827383 = {
						CreatedOnToolsVersion = 16.2;
					};
				};
			};
			buildConfigurationList = E543F4D32E55A2E200827383 /* Build configuration list for PBXProject "widget_demo" */;
			developmentRegion = en;
			hasScannedForEncodings = 0;
			knownRegions = (
				en,
				Base,
			);
			mainGroup = E543F4CF2E55A2E200827383;
			minimizedProjectReferenceProxies = 1;
			preferredProjectObjectVersion = 77;
			productRefGroup = E543F4D92E55A2E200827383 /* Products */;
			projectDirPath = "";
			projectRoot = "";
			targets = (
				E543F4D72E55A2E200827383 /* widget_demo */,
				E543F4ED2E55A2E300827383 /* widget_demoTests */,
				E543F4F72E55A2E300827383 /* widget_demoUITests */,
				E543F50F2E55A83900827383 /* testWidgetExtension */,
			);
		};
/* End PBXProject section */

/* Begin PBXResourcesBuildPhase section */
		E543F4D62E55A2E200827383 /* Resources */ = {
			isa = PBXResourcesBuildPhase;
			buildActionMask = 2147483647;
			files = (
			);
			runOnlyForDeploymentPostprocessing = 0;
		};
		E543F4EC2E55A2E300827383 /* Resources */ = {
			isa = PBXResourcesBuildPhase;
			buildActionMask = 2147483647;
			files = (
			);
			runOnlyForDeploymentPostprocessing = 0;
		};
		E543F4F62E55A2E300827383 /* Resources */ = {
			isa = PBXResourcesBuildPhase;
			buildActionMask = 2147483647;
			files = (
			);
			runOnlyForDeploymentPostprocessing = 0;
		};
		E543F50E2E55A83900827383 /* Resources */ = {
			isa = PBXResourcesBuildPhase;
			buildActionMask = 2147483647;
			files = (
			);
			runOnlyForDeploymentPostprocessing = 0;
		};
/* End PBXResourcesBuildPhase section */

/* Begin PBXShellScriptBuildPhase section */
		4AFFA5BD9961957A68EA65A6 /* [CP] Embed Pods Frameworks */ = {
			isa = PBXShellScriptBuildPhase;
			buildActionMask = 2147483647;
			files = (
			);
			inputFileListPaths = (
				"${PODS_ROOT}/Target Support Files/Pods-widget_demo-widget_demoUITests/Pods-widget_demo-widget_demoUITests-frameworks-${CONFIGURATION}-input-files.xcfilelist",
			);
			name = "[CP] Embed Pods Frameworks";
			outputFileListPaths = (
				"${PODS_ROOT}/Target Support Files/Pods-widget_demo-widget_demoUITests/Pods-widget_demo-widget_demoUITests-frameworks-${CONFIGURATION}-output-files.xcfilelist",
			);
			runOnlyForDeploymentPostprocessing = 0;
			shellPath = /bin/sh;
			shellScript = "\"${PODS_ROOT}/Target Support Files/Pods-widget_demo-widget_demoUITests/Pods-widget_demo-widget_demoUITests-frameworks.sh\"\n";
			showEnvVarsInLog = 0;
		};
		66E15FA01AA4512F7570DC2E /* [CP] Check Pods Manifest.lock */ = {
			isa = PBXShellScriptBuildPhase;
			buildActionMask = 2147483647;
			files = (
			);
			inputFileListPaths = (
			);
			inputPaths = (
				"${PODS_PODFILE_DIR_PATH}/Podfile.lock",
				"${PODS_ROOT}/Manifest.lock",
			);
			name = "[CP] Check Pods Manifest.lock";
			outputFileListPaths = (
			);
			outputPaths = (
				"$(DERIVED_FILE_DIR)/Pods-widget_demo-checkManifestLockResult.txt",
			);
			runOnlyForDeploymentPostprocessing = 0;
			shellPath = /bin/sh;
			shellScript = "diff \"${PODS_PODFILE_DIR_PATH}/Podfile.lock\" \"${PODS_ROOT}/Manifest.lock\" > /dev/null\nif [ $? != 0 ] ; then\n    # print error to STDERR\n    echo \"error: The sandbox is not in sync with the Podfile.lock. Run 'pod install' or update your CocoaPods installation.\" >&2\n    exit 1\nfi\n# This output is used by Xcode 'outputs' to avoid re-running this script phase.\necho \"SUCCESS\" > \"${SCRIPT_OUTPUT_FILE_0}\"\n";
			showEnvVarsInLog = 0;
		};
		83B784D69E337042D278F422 /* [CP] Check Pods Manifest.lock */ = {
			isa = PBXShellScriptBuildPhase;
			buildActionMask = 2147483647;
			files = (
			);
			inputFileListPaths = (
			);
			inputPaths = (
				"${PODS_PODFILE_DIR_PATH}/Podfile.lock",
				"${PODS_ROOT}/Manifest.lock",
			);
			name = "[CP] Check Pods Manifest.lock";
			outputFileListPaths = (
			);
			outputPaths = (
				"$(DERIVED_FILE_DIR)/Pods-widget_demoTests-checkManifestLockResult.txt",
			);
			runOnlyForDeploymentPostprocessing = 0;
			shellPath = /bin/sh;
			shellScript = "diff \"${PODS_PODFILE_DIR_PATH}/Podfile.lock\" \"${PODS_ROOT}/Manifest.lock\" > /dev/null\nif [ $? != 0 ] ; then\n    # print error to STDERR\n    echo \"error: The sandbox is not in sync with the Podfile.lock. Run 'pod install' or update your CocoaPods installation.\" >&2\n    exit 1\nfi\n# This output is used by Xcode 'outputs' to avoid re-running this script phase.\necho \"SUCCESS\" > \"${SCRIPT_OUTPUT_FILE_0}\"\n";
			showEnvVarsInLog = 0;
		};
		C0CF9D8DEF216FCB31408FE5 /* [CP] Check Pods Manifest.lock */ = {
			isa = PBXShellScriptBuildPhase;
			buildActionMask = 2147483647;
			files = (
			);
			inputFileListPaths = (
			);
			inputPaths = (
				"${PODS_PODFILE_DIR_PATH}/Podfile.lock",
				"${PODS_ROOT}/Manifest.lock",
			);
			name = "[CP] Check Pods Manifest.lock";
			outputFileListPaths = (
			);
			outputPaths = (
				"$(DERIVED_FILE_DIR)/Pods-widget_demo-widget_demoUITests-checkManifestLockResult.txt",
			);
			runOnlyForDeploymentPostprocessing = 0;
			shellPath = /bin/sh;
			shellScript = "diff \"${PODS_PODFILE_DIR_PATH}/Podfile.lock\" \"${PODS_ROOT}/Manifest.lock\" > /dev/null\nif [ $? != 0 ] ; then\n    # print error to STDERR\n    echo \"error: The sandbox is not in sync with the Podfile.lock. Run 'pod install' or update your CocoaPods installation.\" >&2\n    exit 1\nfi\n# This output is used by Xcode 'outputs' to avoid re-running this script phase.\necho \"SUCCESS\" > \"${SCRIPT_OUTPUT_FILE_0}\"\n";
			showEnvVarsInLog = 0;
		};
		E42DDC97DE1A5BBCA897BFF8 /* [CP] Embed Pods Frameworks */ = {
			isa = PBXShellScriptBuildPhase;
			buildActionMask = 2147483647;
			files = (
			);
			inputFileListPaths = (
				"${PODS_ROOT}/Target Support Files/Pods-widget_demo/Pods-widget_demo-frameworks-${CONFIGURATION}-input-files.xcfilelist",
			);
			name = "[CP] Embed Pods Frameworks";
			outputFileListPaths = (
				"${PODS_ROOT}/Target Support Files/Pods-widget_demo/Pods-widget_demo-frameworks-${CONFIGURATION}-output-files.xcfilelist",
			);
			runOnlyForDeploymentPostprocessing = 0;
			shellPath = /bin/sh;
			shellScript = "\"${PODS_ROOT}/Target Support Files/Pods-widget_demo/Pods-widget_demo-frameworks.sh\"\n";
			showEnvVarsInLog = 0;
		};
		FD5709475849BF55ACAA358B /* [CP] Check Pods Manifest.lock */ = {
			isa = PBXShellScriptBuildPhase;
			buildActionMask = 2147483647;
			files = (
			);
			inputFileListPaths = (
			);
			inputPaths = (
				"${PODS_PODFILE_DIR_PATH}/Podfile.lock",
				"${PODS_ROOT}/Manifest.lock",
			);
			name = "[CP] Check Pods Manifest.lock";
			outputFileListPaths = (
			);
			outputPaths = (
				"$(DERIVED_FILE_DIR)/Pods-testWidgetExtension-checkManifestLockResult.txt",
			);
			runOnlyForDeploymentPostprocessing = 0;
			shellPath = /bin/sh;
			shellScript = "diff \"${PODS_PODFILE_DIR_PATH}/Podfile.lock\" \"${PODS_ROOT}/Manifest.lock\" > /dev/null\nif [ $? != 0 ] ; then\n    # print error to STDERR\n    echo \"error: The sandbox is not in sync with the Podfile.lock. Run 'pod install' or update your CocoaPods installation.\" >&2\n    exit 1\nfi\n# This output is used by Xcode 'outputs' to avoid re-running this script phase.\necho \"SUCCESS\" > \"${SCRIPT_OUTPUT_FILE_0}\"\n";
			showEnvVarsInLog = 0;
		};
/* End PBXShellScriptBuildPhase section */

/* Begin PBXSourcesBuildPhase section */
		E543F4D42E55A2E200827383 /* Sources */ = {
			isa = PBXSourcesBuildPhase;
			buildActionMask = 2147483647;
			files = (
			);
			runOnlyForDeploymentPostprocessing = 0;
		};
		E543F4EA2E55A2E300827383 /* Sources */ = {
			isa = PBXSourcesBuildPhase;
			buildActionMask = 2147483647;
			files = (
			);
			runOnlyForDeploymentPostprocessing = 0;
		};
		E543F4F42E55A2E300827383 /* Sources */ = {
			isa = PBXSourcesBuildPhase;
			buildActionMask = 2147483647;
			files = (
			);
			runOnlyForDeploymentPostprocessing = 0;
		};
		E543F50C2E55A83900827383 /* Sources */ = {
			isa = PBXSourcesBuildPhase;
			buildActionMask = 2147483647;
			files = (
			);
			runOnlyForDeploymentPostprocessing = 0;
		};
/* End PBXSourcesBuildPhase section */

/* Begin PBXTargetDependency section */
		E543F4F02E55A2E300827383 /* PBXTargetDependency */ = {
			isa = PBXTargetDependency;
			target = E543F4D72E55A2E200827383 /* widget_demo */;
			targetProxy = E543F4EF2E55A2E300827383 /* PBXContainerItemProxy */;
		};
		E543F4FA2E55A2E300827383 /* PBXTargetDependency */ = {
			isa = PBXTargetDependency;
			target = E543F4D72E55A2E200827383 /* widget_demo */;
			targetProxy = E543F4F92E55A2E300827383 /* PBXContainerItemProxy */;
		};
		E543F5252E55A83A00827383 /* PBXTargetDependency */ = {
			isa = PBXTargetDependency;
			target = E543F50F2E55A83900827383 /* testWidgetExtension */;
			targetProxy = E543F5242E55A83A00827383 /* PBXContainerItemProxy */;
		};
/* End PBXTargetDependency section */

/* Begin XCBuildConfiguration section */
		E543F5022E55A2E300827383 /* Debug */ = {
			isa = XCBuildConfiguration;
			baseConfigurationReference = DC3B3176238FBF88AF900EA6 /* Pods-widget_demo.debug.xcconfig */;
			buildSettings = {
				ASSETCATALOG_COMPILER_APPICON_NAME = AppIcon;
				ASSETCATALOG_COMPILER_GLOBAL_ACCENT_COLOR_NAME = AccentColor;
				CODE_SIGN_STYLE = Automatic;
				CURRENT_PROJECT_VERSION = 1;
				DEVELOPMENT_TEAM = NM7V92NU62;
				GENERATE_INFOPLIST_FILE = YES;
				INFOPLIST_FILE = widget_demo/Info.plist;
				INFOPLIST_KEY_UIApplicationSupportsIndirectInputEvents = YES;
				INFOPLIST_KEY_UILaunchStoryboardName = LaunchScreen;
				INFOPLIST_KEY_UIMainStoryboardFile = Main;
				INFOPLIST_KEY_UISupportedInterfaceOrientations_iPad = "UIInterfaceOrientationPortrait UIInterfaceOrientationPortraitUpsideDown UIInterfaceOrientationLandscapeLeft UIInterfaceOrientationLandscapeRight";
				INFOPLIST_KEY_UISupportedInterfaceOrientations_iPhone = "UIInterfaceOrientationPortrait UIInterfaceOrientationLandscapeLeft UIInterfaceOrientationLandscapeRight";
				LD_RUNPATH_SEARCH_PATHS = (
					"$(inherited)",
					"@executable_path/Frameworks",
				);
				MARKETING_VERSION = 1.0;
				PRODUCT_BUNDLE_IDENTIFIER = "com.widget-demo";
				PRODUCT_NAME = "$(TARGET_NAME)";
				SWIFT_EMIT_LOC_STRINGS = YES;
				SWIFT_VERSION = 5.0;
				TARGETED_DEVICE_FAMILY = "1,2";
			};
			name = Debug;
		};
		E543F5032E55A2E300827383 /* Release */ = {
			isa = XCBuildConfiguration;
			baseConfigurationReference = 0116651020C1D316C49C9B0E /* Pods-widget_demo.release.xcconfig */;
			buildSettings = {
				ASSETCATALOG_COMPILER_APPICON_NAME = AppIcon;
				ASSETCATALOG_COMPILER_GLOBAL_ACCENT_COLOR_NAME = AccentColor;
				CODE_SIGN_STYLE = Automatic;
				CURRENT_PROJECT_VERSION = 1;
				DEVELOPMENT_TEAM = NM7V92NU62;
				GENERATE_INFOPLIST_FILE = YES;
				INFOPLIST_FILE = widget_demo/Info.plist;
				INFOPLIST_KEY_UIApplicationSupportsIndirectInputEvents = YES;
				INFOPLIST_KEY_UILaunchStoryboardName = LaunchScreen;
				INFOPLIST_KEY_UIMainStoryboardFile = Main;
				INFOPLIST_KEY_UISupportedInterfaceOrientations_iPad = "UIInterfaceOrientationPortrait UIInterfaceOrientationPortraitUpsideDown UIInterfaceOrientationLandscapeLeft UIInterfaceOrientationLandscapeRight";
				INFOPLIST_KEY_UISupportedInterfaceOrientations_iPhone = "UIInterfaceOrientationPortrait UIInterfaceOrientationLandscapeLeft UIInterfaceOrientationLandscapeRight";
				LD_RUNPATH_SEARCH_PATHS = (
					"$(inherited)",
					"@executable_path/Frameworks",
				);
				MARKETING_VERSION = 1.0;
				PRODUCT_BUNDLE_IDENTIFIER = "com.widget-demo";
				PRODUCT_NAME = "$(TARGET_NAME)";
				SWIFT_EMIT_LOC_STRINGS = YES;
				SWIFT_VERSION = 5.0;
				TARGETED_DEVICE_FAMILY = "1,2";
			};
			name = Release;
		};
		E543F5042E55A2E300827383 /* Debug */ = {
			isa = XCBuildConfiguration;
			buildSettings = {
				ALWAYS_SEARCH_USER_PATHS = NO;
				ASSETCATALOG_COMPILER_GENERATE_SWIFT_ASSET_SYMBOL_EXTENSIONS = YES;
				CLANG_ANALYZER_NONNULL = YES;
				CLANG_ANALYZER_NUMBER_OBJECT_CONVERSION = YES_AGGRESSIVE;
				CLANG_CXX_LANGUAGE_STANDARD = "gnu++20";
				CLANG_ENABLE_MODULES = YES;
				CLANG_ENABLE_OBJC_ARC = YES;
				CLANG_ENABLE_OBJC_WEAK = YES;
				CLANG_WARN_BLOCK_CAPTURE_AUTORELEASING = YES;
				CLANG_WARN_BOOL_CONVERSION = YES;
				CLANG_WARN_COMMA = YES;
				CLANG_WARN_CONSTANT_CONVERSION = YES;
				CLANG_WARN_DEPRECATED_OBJC_IMPLEMENTATIONS = YES;
				CLANG_WARN_DIRECT_OBJC_ISA_USAGE = YES_ERROR;
				CLANG_WARN_DOCUMENTATION_COMMENTS = YES;
				CLANG_WARN_EMPTY_BODY = YES;
				CLANG_WARN_ENUM_CONVERSION = YES;
				CLANG_WARN_INFINITE_RECURSION = YES;
				CLANG_WARN_INT_CONVERSION = YES;
				CLANG_WARN_NON_LITERAL_NULL_CONVERSION = YES;
				CLANG_WARN_OBJC_IMPLICIT_RETAIN_SELF = YES;
				CLANG_WARN_OBJC_LITERAL_CONVERSION = YES;
				CLANG_WARN_OBJC_ROOT_CLASS = YES_ERROR;
				CLANG_WARN_QUOTED_INCLUDE_IN_FRAMEWORK_HEADER = YES;
				CLANG_WARN_RANGE_LOOP_ANALYSIS = YES;
				CLANG_WARN_STRICT_PROTOTYPES = YES;
				CLANG_WARN_SUSPICIOUS_MOVE = YES;
				CLANG_WARN_UNGUARDED_AVAILABILITY = YES_AGGRESSIVE;
				CLANG_WARN_UNREACHABLE_CODE = YES;
				CLANG_WARN__DUPLICATE_METHOD_MATCH = YES;
				COPY_PHASE_STRIP = NO;
				DEBUG_INFORMATION_FORMAT = dwarf;
				ENABLE_STRICT_OBJC_MSGSEND = YES;
				ENABLE_TESTABILITY = YES;
				ENABLE_USER_SCRIPT_SANDBOXING = YES;
				GCC_C_LANGUAGE_STANDARD = gnu17;
				GCC_DYNAMIC_NO_PIC = NO;
				GCC_NO_COMMON_BLOCKS = YES;
				GCC_OPTIMIZATION_LEVEL = 0;
				GCC_PREPROCESSOR_DEFINITIONS = (
					"DEBUG=1",
					"$(inherited)",
				);
				GCC_WARN_64_TO_32_BIT_CONVERSION = YES;
				GCC_WARN_ABOUT_RETURN_TYPE = YES_ERROR;
				GCC_WARN_UNDECLARED_SELECTOR = YES;
				GCC_WARN_UNINITIALIZED_AUTOS = YES_AGGRESSIVE;
				GCC_WARN_UNUSED_FUNCTION = YES;
				GCC_WARN_UNUSED_VARIABLE = YES;
				IPHONEOS_DEPLOYMENT_TARGET = 18.2;
				LOCALIZATION_PREFERS_STRING_CATALOGS = YES;
				MTL_ENABLE_DEBUG_INFO = INCLUDE_SOURCE;
				MTL_FAST_MATH = YES;
				ONLY_ACTIVE_ARCH = YES;
				SDKROOT = iphoneos;
				SWIFT_ACTIVE_COMPILATION_CONDITIONS = "DEBUG $(inherited)";
				SWIFT_OPTIMIZATION_LEVEL = "-Onone";
			};
			name = Debug;
		};
		E543F5052E55A2E300827383 /* Release */ = {
			isa = XCBuildConfiguration;
			buildSettings = {
				ALWAYS_SEARCH_USER_PATHS = NO;
				ASSETCATALOG_COMPILER_GENERATE_SWIFT_ASSET_SYMBOL_EXTENSIONS = YES;
				CLANG_ANALYZER_NONNULL = YES;
				CLANG_ANALYZER_NUMBER_OBJECT_CONVERSION = YES_AGGRESSIVE;
				CLANG_CXX_LANGUAGE_STANDARD = "gnu++20";
				CLANG_ENABLE_MODULES = YES;
				CLANG_ENABLE_OBJC_ARC = YES;
				CLANG_ENABLE_OBJC_WEAK = YES;
				CLANG_WARN_BLOCK_CAPTURE_AUTORELEASING = YES;
				CLANG_WARN_BOOL_CONVERSION = YES;
				CLANG_WARN_COMMA = YES;
				CLANG_WARN_CONSTANT_CONVERSION = YES;
				CLANG_WARN_DEPRECATED_OBJC_IMPLEMENTATIONS = YES;
				CLANG_WARN_DIRECT_OBJC_ISA_USAGE = YES_ERROR;
				CLANG_WARN_DOCUMENTATION_COMMENTS = YES;
				CLANG_WARN_EMPTY_BODY = YES;
				CLANG_WARN_ENUM_CONVERSION = YES;
				CLANG_WARN_INFINITE_RECURSION = YES;
				CLANG_WARN_INT_CONVERSION = YES;
				CLANG_WARN_NON_LITERAL_NULL_CONVERSION = YES;
				CLANG_WARN_OBJC_IMPLICIT_RETAIN_SELF = YES;
				CLANG_WARN_OBJC_LITERAL_CONVERSION = YES;
				CLANG_WARN_OBJC_ROOT_CLASS = YES_ERROR;
				CLANG_WARN_QUOTED_INCLUDE_IN_FRAMEWORK_HEADER = YES;
				CLANG_WARN_RANGE_LOOP_ANALYSIS = YES;
				CLANG_WARN_STRICT_PROTOTYPES = YES;
				CLANG_WARN_SUSPICIOUS_MOVE = YES;
				CLANG_WARN_UNGUARDED_AVAILABILITY = YES_AGGRESSIVE;
				CLANG_WARN_UNREACHABLE_CODE = YES;
				CLANG_WARN__DUPLICATE_METHOD_MATCH = YES;
				COPY_PHASE_STRIP = NO;
				DEBUG_INFORMATION_FORMAT = "dwarf-with-dsym";
				ENABLE_NS_ASSERTIONS = NO;
				ENABLE_STRICT_OBJC_MSGSEND = YES;
				ENABLE_USER_SCRIPT_SANDBOXING = YES;
				GCC_C_LANGUAGE_STANDARD = gnu17;
				GCC_NO_COMMON_BLOCKS = YES;
				GCC_WARN_64_TO_32_BIT_CONVERSION = YES;
				GCC_WARN_ABOUT_RETURN_TYPE = YES_ERROR;
				GCC_WARN_UNDECLARED_SELECTOR = YES;
				GCC_WARN_UNINITIALIZED_AUTOS = YES_AGGRESSIVE;
				GCC_WARN_UNUSED_FUNCTION = YES;
				GCC_WARN_UNUSED_VARIABLE = YES;
				IPHONEOS_DEPLOYMENT_TARGET = 18.2;
				LOCALIZATION_PREFERS_STRING_CATALOGS = YES;
				MTL_ENABLE_DEBUG_INFO = NO;
				MTL_FAST_MATH = YES;
				SDKROOT = iphoneos;
				SWIFT_COMPILATION_MODE = wholemodule;
				VALIDATE_PRODUCT = YES;
			};
			name = Release;
		};
		E543F5072E55A2E300827383 /* Debug */ = {
			isa = XCBuildConfiguration;
			baseConfigurationReference = B5637DD657430BC63341E17D /* Pods-widget_demoTests.debug.xcconfig */;
			buildSettings = {
				BUNDLE_LOADER = "$(TEST_HOST)";
				CODE_SIGN_STYLE = Automatic;
				CURRENT_PROJECT_VERSION = 1;
				DEVELOPMENT_TEAM = NM7V92NU62;
				GENERATE_INFOPLIST_FILE = YES;
				IPHONEOS_DEPLOYMENT_TARGET = 18.2;
				MARKETING_VERSION = 1.0;
				PRODUCT_BUNDLE_IDENTIFIER = "com..widget-demoTests";
				PRODUCT_NAME = "$(TARGET_NAME)";
				SWIFT_EMIT_LOC_STRINGS = NO;
				SWIFT_VERSION = 5.0;
				TARGETED_DEVICE_FAMILY = "1,2";
				TEST_HOST = "$(BUILT_PRODUCTS_DIR)/widget_demo.app/$(BUNDLE_EXECUTABLE_FOLDER_PATH)/widget_demo";
			};
			name = Debug;
		};
		E543F5082E55A2E300827383 /* Release */ = {
			isa = XCBuildConfiguration;
			baseConfigurationReference = A8F91B1A3756C59782C8B9A3 /* Pods-widget_demoTests.release.xcconfig */;
			buildSettings = {
				BUNDLE_LOADER = "$(TEST_HOST)";
				CODE_SIGN_STYLE = Automatic;
				CURRENT_PROJECT_VERSION = 1;
				DEVELOPMENT_TEAM = NM7V92NU62;
				GENERATE_INFOPLIST_FILE = YES;
				IPHONEOS_DEPLOYMENT_TARGET = 18.2;
				MARKETING_VERSION = 1.0;
				PRODUCT_BUNDLE_IDENTIFIER = "com..widget-demoTests";
				PRODUCT_NAME = "$(TARGET_NAME)";
				SWIFT_EMIT_LOC_STRINGS = NO;
				SWIFT_VERSION = 5.0;
				TARGETED_DEVICE_FAMILY = "1,2";
				TEST_HOST = "$(BUILT_PRODUCTS_DIR)/widget_demo.app/$(BUNDLE_EXECUTABLE_FOLDER_PATH)/widget_demo";
			};
			name = Release;
		};
		E543F50A2E55A2E300827383 /* Debug */ = {
			isa = XCBuildConfiguration;
			baseConfigurationReference = DB8AB8D573747571737D98E3 /* Pods-widget_demo-widget_demoUITests.debug.xcconfig */;
			buildSettings = {
				CODE_SIGN_STYLE = Automatic;
				CURRENT_PROJECT_VERSION = 1;
				DEVELOPMENT_TEAM = NM7V92NU62;
				GENERATE_INFOPLIST_FILE = YES;
				MARKETING_VERSION = 1.0;
				PRODUCT_BUNDLE_IDENTIFIER = "com..widget-demoUITests";
				PRODUCT_NAME = "$(TARGET_NAME)";
				SWIFT_EMIT_LOC_STRINGS = NO;
				SWIFT_VERSION = 5.0;
				TARGETED_DEVICE_FAMILY = "1,2";
				TEST_TARGET_NAME = widget_demo;
			};
			name = Debug;
		};
		E543F50B2E55A2E300827383 /* Release */ = {
			isa = XCBuildConfiguration;
			baseConfigurationReference = F0AD967194878C70F6716FE3 /* Pods-widget_demo-widget_demoUITests.release.xcconfig */;
			buildSettings = {
				CODE_SIGN_STYLE = Automatic;
				CURRENT_PROJECT_VERSION = 1;
				DEVELOPMENT_TEAM = NM7V92NU62;
				GENERATE_INFOPLIST_FILE = YES;
				MARKETING_VERSION = 1.0;
				PRODUCT_BUNDLE_IDENTIFIER = "com..widget-demoUITests";
				PRODUCT_NAME = "$(TARGET_NAME)";
				SWIFT_EMIT_LOC_STRINGS = NO;
				SWIFT_VERSION = 5.0;
				TARGETED_DEVICE_FAMILY = "1,2";
				TEST_TARGET_NAME = widget_demo;
			};
			name = Release;
		};
		E543F5282E55A83A00827383 /* Debug */ = {
			isa = XCBuildConfiguration;
			baseConfigurationReference = 89ADD3AFFAE65C1C91BEB3F3 /* Pods-testWidgetExtension.debug.xcconfig */;
			buildSettings = {
				ASSETCATALOG_COMPILER_GLOBAL_ACCENT_COLOR_NAME = AccentColor;
				ASSETCATALOG_COMPILER_WIDGET_BACKGROUND_COLOR_NAME = WidgetBackground;
				CODE_SIGN_STYLE = Automatic;
				CURRENT_PROJECT_VERSION = 1;
				DEVELOPMENT_TEAM = NM7V92NU62;
				GENERATE_INFOPLIST_FILE = YES;
				INFOPLIST_FILE = testWidget/Info.plist;
				INFOPLIST_KEY_CFBundleDisplayName = testWidget;
				INFOPLIST_KEY_NSHumanReadableCopyright = "";
				IPHONEOS_DEPLOYMENT_TARGET = 15.6;
				LD_RUNPATH_SEARCH_PATHS = (
					"$(inherited)",
					"@executable_path/Frameworks",
					"@executable_path/../../Frameworks",
				);
				MARKETING_VERSION = 1.0;
				PRODUCT_BUNDLE_IDENTIFIER = "com.widget-demo.testWidget";
				PRODUCT_NAME = "$(TARGET_NAME)";
				SKIP_INSTALL = YES;
				SWIFT_EMIT_LOC_STRINGS = YES;
				SWIFT_VERSION = 5.0;
				TARGETED_DEVICE_FAMILY = "1,2";
			};
			name = Debug;
		};
		E543F5292E55A83A00827383 /* Release */ = {
			isa = XCBuildConfiguration;
			baseConfigurationReference = 8D7290DAFB3F0B26982EC798 /* Pods-testWidgetExtension.release.xcconfig */;
			buildSettings = {
				ASSETCATALOG_COMPILER_GLOBAL_ACCENT_COLOR_NAME = AccentColor;
				ASSETCATALOG_COMPILER_WIDGET_BACKGROUND_COLOR_NAME = WidgetBackground;
				CODE_SIGN_STYLE = Automatic;
				CURRENT_PROJECT_VERSION = 1;
				DEVELOPMENT_TEAM = NM7V92NU62;
				GENERATE_INFOPLIST_FILE = YES;
				INFOPLIST_FILE = testWidget/Info.plist;
				INFOPLIST_KEY_CFBundleDisplayName = testWidget;
				INFOPLIST_KEY_NSHumanReadableCopyright = "";
				IPHONEOS_DEPLOYMENT_TARGET = 15.6;
				LD_RUNPATH_SEARCH_PATHS = (
					"$(inherited)",
					"@executable_path/Frameworks",
					"@executable_path/../../Frameworks",
				);
				MARKETING_VERSION = 1.0;
				PRODUCT_BUNDLE_IDENTIFIER = "com.widget-demo.testWidget";
				PRODUCT_NAME = "$(TARGET_NAME)";
				SKIP_INSTALL = YES;
				SWIFT_EMIT_LOC_STRINGS = YES;
				SWIFT_VERSION = 5.0;
				TARGETED_DEVICE_FAMILY = "1,2";
			};
			name = Release;
		};
/* End XCBuildConfiguration section */

/* Begin XCConfigurationList section */
		E543F4D32E55A2E200827383 /* Build configuration list for PBXProject "widget_demo" */ = {
			isa = XCConfigurationList;
			buildConfigurations = (
				E543F5042E55A2E300827383 /* Debug */,
				E543F5052E55A2E300827383 /* Release */,
			);
			defaultConfigurationIsVisible = 0;
			defaultConfigurationName = Release;
		};
		E543F5012E55A2E300827383 /* Build configuration list for PBXNativeTarget "widget_demo" */ = {
			isa = XCConfigurationList;
			buildConfigurations = (
				E543F5022E55A2E300827383 /* Debug */,
				E543F5032E55A2E300827383 /* Release */,
			);
			defaultConfigurationIsVisible = 0;
			defaultConfigurationName = Release;
		};
		E543F5062E55A2E300827383 /* Build configuration list for PBXNativeTarget "widget_demoTests" */ = {
			isa = XCConfigurationList;
			buildConfigurations = (
				E543F5072E55A2E300827383 /* Debug */,
				E543F5082E55A2E300827383 /* Release */,
			);
			defaultConfigurationIsVisible = 0;
			defaultConfigurationName = Release;
		};
		E543F5092E55A2E300827383 /* Build configuration list for PBXNativeTarget "widget_demoUITests" */ = {
			isa = XCConfigurationList;
			buildConfigurations = (
				E543F50A2E55A2E300827383 /* Debug */,
				E543F50B2E55A2E300827383 /* Release */,
			);
			defaultConfigurationIsVisible = 0;
			defaultConfigurationName = Release;
		};
		E543F5272E55A83A00827383 /* Build configuration list for PBXNativeTarget "testWidgetExtension" */ = {
			isa = XCConfigurationList;
			buildConfigurations = (
				E543F5282E55A83A00827383 /* Debug */,
				E543F5292E55A83A00827383 /* Release */,
			);
			defaultConfigurationIsVisible = 0;
			defaultConfigurationName = Release;
		};
/* End XCConfigurationList section */
	};
	rootObject = E543F4D02E55A2E200827383 /* Project object */;
}
